<?xml version="1.0" encoding="utf-8"?>
<Project ToolsVersion="4.0" xmlns="http://schemas.microsoft.com/developer/msbuild/2003">
  <ItemGroup>
    <ClCompile Include="user\main.cpp">
      <Filter>user</Filter>
    </ClCompile>
    <ClCompile Include="framework\dllmain.cpp">
      <Filter>framework</Filter>
    </ClCompile>
    <ClCompile Include="framework\helpers.cpp">
      <Filter>framework</Filter>
    </ClCompile>
    <ClCompile Include="framework\il2cpp-init.cpp">
      <Filter>framework</Filter>
    </ClCompile>
    <ClCompile Include="framework\pch-il2cpp.cpp">
      <Filter>framework</Filter>
    </ClCompile>
    <ClCompile Include="framework\version.cpp">
      <Filter>framework</Filter>
    </ClCompile>
    <ClCompile Include="framework\update_checker.cpp">
      <Filter>framework</Filter>
    </ClCompile>
    <ClCompile Include="libraries\detours\detours.cpp">
      <Filter>libraries\detours</Filter>
    </ClCompile>
    <ClCompile Include="libraries\detours\disasm.cpp">
      <Filter>libraries\detours</Filter>
    </ClCompile>
    <ClCompile Include="libraries\detours\modules.cpp">
      <Filter>libraries\detours</Filter>
    </ClCompile>
    <ClCompile Include="libraries\imgui\imgui.cpp">
      <Filter>libraries\imgui</Filter>
    </ClCompile>
    <ClCompile Include="libraries\imgui\imgui_draw.cpp">
      <Filter>libraries\imgui</Filter>
    </ClCompile>
    <ClCompile Include="libraries\imgui\imgui_impl_dx11.cpp">
      <Filter>libraries\imgui</Filter>
    </ClCompile>
    <ClCompile Include="libraries\imgui\imgui_impl_win32.cpp">
      <Filter>libraries\imgui</Filter>
    </ClCompile>
    <ClCompile Include="libraries\imgui\imgui_tables.cpp">
      <Filter>libraries\imgui</Filter>
    </ClCompile>
    <ClCompile Include="libraries\imgui\imgui_widgets.cpp">
      <Filter>libraries\imgui</Filter>
    </ClCompile>
    <ClCompile Include="handlers\resolver\il2cpp_resolver.cpp">
      <Filter>handlers\resolver</Filter>
    </ClCompile>
    <ClCompile Include="handlers\pipeline\gui\tabs\EspTAB.cpp">
      <Filter>handlers\pipeline\gui\tabs</Filter>
    </ClCompile>
    <ClCompile Include="handlers\pipeline\gui\tabs\ItemTab.cpp">
      <Filter>handlers\pipeline\gui\tabs</Filter>
    </ClCompile>
    <ClCompile Include="handlers\pipeline\gui\tabs\MapTab.cpp">
      <Filter>handlers\pipeline\gui\tabs</Filter>
    </ClCompile>
    <ClCompile Include="handlers\pipeline\gui\tabs\MiscTab.cpp">
      <Filter>handlers\pipeline\gui\tabs</Filter>
    </ClCompile>
    <ClCompile Include="handlers\pipeline\gui\tabs\NetworkTab.cpp">
      <Filter>handlers\pipeline\gui\tabs</Filter>
    </ClCompile>
    <ClCompile Include="handlers\pipeline\gui\tabs\PlayerTAB.cpp">
      <Filter>handlers\pipeline\gui\tabs</Filter>
    </ClCompile>
    <ClCompile Include="handlers\pipeline\gui\tabs\SettingsTAB.cpp">
      <Filter>handlers\pipeline\gui\tabs</Filter>
    </ClCompile>
    <ClCompile Include="handlers\pipeline\gui\GUITheme.cpp">
      <Filter>handlers\pipeline\gui</Filter>
    </ClCompile>
    <ClCompile Include="handlers\pipeline\gui\menu.cpp">
      <Filter>handlers\pipeline\gui</Filter>
    </ClCompile>
    <ClCompile Include="handlers\pipeline\hooks\DirectX.cpp">
      <Filter>handlers\pipeline\hooks</Filter>
    </ClCompile>
    <ClCompile Include="handlers\pipeline\hooks\InitHooks.cpp">
      <Filter>handlers\pipeline\hooks</Filter>
    </ClCompile>
    <ClCompile Include="handlers\pipeline\localization\LocalizationManager.cpp">
      <Filter>handlers\pipeline\localization</Filter>
    </ClCompile>
    <ClCompile Include="handlers\pipeline\Dx11.cpp">
      <Filter>handlers\pipeline</Filter>
    </ClCompile>
    <ClCompile Include="handlers\pipeline\keybinds.cpp">
      <Filter>handlers\pipeline</Filter>
    </ClCompile>
    <ClCompile Include="user\settings.cpp">
      <Filter>user</Filter>
    </ClCompile>
    <ClCompile Include="handlers\esp\esp.cpp">
      <Filter>handlers\esp</Filter>
    </ClCompile>
    <ClCompile Include="handlers\player\player.cpp">
      <Filter>handlers\player</Filter>
    </ClCompile>
    <ClCompile Include="handlers\pipeline\devour_helper.cpp">
      <Filter>handlers\pipeline</Filter>
    </ClCompile>
  </ItemGroup>
  <ItemGroup>
    <ClInclude Include="user\main.h">
      <Filter>user</Filter>
    </ClInclude>
    <ClInclude Include="framework\helpers.h">
      <Filter>framework</Filter>
    </ClInclude>
    <ClInclude Include="framework\il2cpp-appdata.h">
      <Filter>framework</Filter>
    </ClInclude>
    <ClInclude Include="framework\il2cpp-init.h">
      <Filter>framework</Filter>
    </ClInclude>
    <ClInclude Include="framework\pch-il2cpp.h">
      <Filter>framework</Filter>
    </ClInclude>
    <ClInclude Include="framework\version.h">
      <Filter>framework</Filter>
    </ClInclude>
    <ClInclude Include="framework\build_info.h">
      <Filter>framework</Filter>
    </ClInclude>
    <ClInclude Include="framework\winhttp_client.h">
      <Filter>framework</Filter>
    </ClInclude>
    <ClInclude Include="framework\update_checker.h">
      <Filter>framework</Filter>
    </ClInclude>
    <ClInclude Include="libraries\json\json.hpp">
      <Filter>libraries\json</Filter>
    </ClInclude>
    <ClInclude Include="libraries\detours\detours.h">
      <Filter>libraries\detours</Filter>
    </ClInclude>
    <ClInclude Include="libraries\imgui\imconfig.h">
      <Filter>libraries\imgui</Filter>
    </ClInclude>
    <ClInclude Include="libraries\imgui\imgui.h">
      <Filter>libraries\imgui</Filter>
    </ClInclude>
    <ClInclude Include="libraries\imgui\imgui_impl_dx11.h">
      <Filter>libraries\imgui</Filter>
    </ClInclude>
    <ClInclude Include="libraries\imgui\imgui_impl_win32.h">
      <Filter>libraries\imgui</Filter>
    </ClInclude>
    <ClInclude Include="libraries\imgui\imgui_internal.h">
      <Filter>libraries\imgui</Filter>
    </ClInclude>
    <ClInclude Include="libraries\imgui\imstb_rectpack.h">
      <Filter>libraries\imgui</Filter>
    </ClInclude>
    <ClInclude Include="libraries\imgui\imstb_textedit.h">
      <Filter>libraries\imgui</Filter>
    </ClInclude>
    <ClInclude Include="libraries\imgui\imstb_truetype.h">
      <Filter>libraries\imgui</Filter>
    </ClInclude>
    <ClInclude Include="handlers\resolver\il2cpp_resolver.h">
      <Filter>handlers\resolver</Filter>
    </ClInclude>
    <ClInclude Include="handlers\resolver\il2cpp_unity_wrapper.h">
      <Filter>handlers\resolver</Filter>
    </ClInclude>
    <ClInclude Include="handlers\pipeline\gui\tabs\EspTAB.h">
      <Filter>handlers\pipeline\gui\tabs</Filter>
    </ClInclude>
    <ClInclude Include="handlers\pipeline\gui\tabs\ItemTab.h">
      <Filter>handlers\pipeline\gui\tabs</Filter>
    </ClInclude>
    <ClInclude Include="handlers\pipeline\gui\tabs\MapTab.h">
      <Filter>handlers\pipeline\gui\tabs</Filter>
    </ClInclude>
    <ClInclude Include="handlers\pipeline\gui\tabs\MiscTab.h">
      <Filter>handlers\pipeline\gui\tabs</Filter>
    </ClInclude>
    <ClInclude Include="handlers\pipeline\gui\tabs\NetworkTab.h">
      <Filter>handlers\pipeline\gui\tabs</Filter>
    </ClInclude>
    <ClInclude Include="handlers\pipeline\gui\tabs\PlayerTAB.h">
      <Filter>handlers\pipeline\gui\tabs</Filter>
    </ClInclude>
    <ClInclude Include="handlers\pipeline\gui\tabs\SettingsTAB.h">
      <Filter>handlers\pipeline\gui\tabs</Filter>
    </ClInclude>
    <ClInclude Include="handlers\pipeline\gui\GUITheme.h">
      <Filter>handlers\pipeline\gui</Filter>
    </ClInclude>
    <ClInclude Include="handlers\pipeline\gui\menu.h">
      <Filter>handlers\pipeline\gui</Filter>
    </ClInclude>
    <ClInclude Include="handlers\pipeline\gui\widgets.h">
      <Filter>handlers\pipeline\gui</Filter>
    </ClInclude>
    <ClInclude Include="handlers\pipeline\hooks\DirectX.h">
      <Filter>handlers\pipeline\hooks</Filter>
    </ClInclude>
    <ClInclude Include="handlers\pipeline\hooks\InitHooks.h">
      <Filter>handlers\pipeline\hooks</Filter>
    </ClInclude>
    <ClInclude Include="handlers\pipeline\localization\LocalizationManager.h">
      <Filter>handlers\pipeline\localization</Filter>
    </ClInclude>
    <ClInclude Include="handlers\pipeline\Dx11.h">
      <Filter>handlers\pipeline</Filter>
    </ClInclude>
    <ClInclude Include="handlers\pipeline\keybinds.h">
      <Filter>handlers\pipeline</Filter>
    </ClInclude>
    <ClInclude Include="user\settings.h">
      <Filter>user</Filter>
    </ClInclude>
    <ClInclude Include="handlers\esp\esp.h">
      <Filter>handlers\esp</Filter>
    </ClInclude>
    <ClInclude Include="handlers\player\player.h">
      <Filter>handlers\player</Filter>
    </ClInclude>
    <ClInclude Include="handlers\pipeline\devour_helper.h">
      <Filter>handlers\pipeline</Filter>
    </ClInclude>
  </ItemGroup>
  <ItemGroup>
    <Filter Include="appdata">
      <UniqueIdentifier>{dc3b66a7-a727-440e-92c2-c4639f4e50e8}</UniqueIdentifier>
    </Filter>
    <Filter Include="framework">
      <UniqueIdentifier>{ab7cb26e-f91c-4790-a789-62800a3c94a4}</UniqueIdentifier>
    </Filter>
    <Filter Include="user">
      <UniqueIdentifier>{23276f4b-43ad-45e9-8fa8-c5c6ce845125}</UniqueIdentifier>
    </Filter>
    <Filter Include="libraries">
      <UniqueIdentifier>{8baf6036-5725-49c5-bc93-59b5a6d5ec65}</UniqueIdentifier>
    </Filter>
    <Filter Include="definitions">
      <UniqueIdentifier>{734bc8d1-aec6-4262-b7bf-d31aed6cfd48}</UniqueIdentifier>
    </Filter>
    <Filter Include="libraries\json">
      <UniqueIdentifier>{3770173c-a282-4b7e-a22f-6d341938ecf1}</UniqueIdentifier>
    </Filter>
    <Filter Include="libraries\detours">
      <UniqueIdentifier>{a196a309-7a0c-4b0a-ade1-48b096b7a6da}</UniqueIdentifier>
    </Filter>
    <Filter Include="libraries\imgui">
      <UniqueIdentifier>{a82f1b19-f717-409d-97ce-924b8a97989a}</UniqueIdentifier>
    </Filter>
    <Filter Include="handlers">
      <UniqueIdentifier>{e0eded21-544c-4028-966b-96ca21e7c433}</UniqueIdentifier>
    </Filter>
    <Filter Include="handlers\pipeline">
      <UniqueIdentifier>{2594f649-a426-4dbe-80d3-d41e0402c738}</UniqueIdentifier>
    </Filter>
    <Filter Include="handlers\resolver">
      <UniqueIdentifier>{0ed65d5c-1dd9-4045-b799-0428f47931eb}</UniqueIdentifier>
    </Filter>
    <Filter Include="handlers\pipeline\gui">
      <UniqueIdentifier>{99a7bfe5-4ec8-4ae5-9d8c-154772f78182}</UniqueIdentifier>
    </Filter>
    <Filter Include="handlers\pipeline\gui\tabs">
      <UniqueIdentifier>{8f98fdb8-2cc8-4b84-8096-533be68ff361}</UniqueIdentifier>
    </Filter>
    <Filter Include="handlers\pipeline\hooks">
      <UniqueIdentifier>{03adf43a-0644-42e3-955b-d8e3060496f2}</UniqueIdentifier>
    </Filter>
    <Filter Include="handlers\pipeline\localization">
      <UniqueIdentifier>{641fa0cb-9d10-4bc7-8467-b9b5331ea46e}</UniqueIdentifier>
    </Filter>
    <Filter Include="handlers\esp">
      <UniqueIdentifier>{c9e41857-ee89-4d1c-a263-c5e980ccfbcc}</UniqueIdentifier>
    </Filter>
    <Filter Include="handlers\player">
      <UniqueIdentifier>{d6b4a0bc-45b1-43df-b05f-de59eaab9922}</UniqueIdentifier>
    </Filter>
  </ItemGroup>
  <ItemGroup>
    <None Include="definitions\prefab_list.def">
      <Filter>definitions</Filter>
    </None>
    <None Include="definitions\version.def">
      <Filter>definitions</Filter>
    </None>
  </ItemGroup>
</Project>