
Microsoft Visual Studio Solution File, Format Version 12.00
# Visual Studio Version 17
VisualStudioVersion = 17.12.35707.178 d17.12
MinimumVisualStudioVersion = 10.0.40219.1
Project("{FAE04EC0-301F-11D3-BF4B-00C04F79EFBC}") = "DevourX.NET", "DevourX.NET\DevourX.NET.csproj", "{CFB7578A-1F59-447F-857E-D370BA573102}"
EndProject
Global
	GlobalSection(SolutionConfigurationPlatforms) = preSolution
		Debug|Any CPU = Debug|Any CPU
		Release|Any CPU = Release|Any CPU
	EndGlobalSection
	GlobalSection(ProjectConfigurationPlatforms) = postSolution
		{CFB7578A-1F59-447F-857E-D370BA573102}.Debug|Any CPU.ActiveCfg = Debug|Any CPU
		{CFB7578A-1F59-447F-857E-D370BA573102}.Debug|Any CPU.Build.0 = Debug|Any CPU
		{CFB7578A-1F59-447F-857E-D370BA573102}.Release|Any CPU.ActiveCfg = Release|Any CPU
		{CFB7578A-1F59-447F-857E-D370BA573102}.Release|Any CPU.Build.0 = Release|Any CPU
	EndGlobalSection
	GlobalSection(SolutionProperties) = preSolution
		HideSolutionNode = FALSE
	EndGlobalSection
EndGlobal
